
Microsoft Visual Studio Solution File, Format Version 12.00
# Visual Studio Version 17
VisualStudioVersion = 17.8.34316.72
MinimumVisualStudioVersion = 10.0.40219.1
Project("{FAE04EC0-301F-11D3-BF4B-00C04F79EFBC}") = "CSharpDersleri", "CSharpDersleri\CSharpDersleri.csproj", "{F21A5C55-5165-497F-B4CE-BE089AB4566B}"
EndProject
Project("{FAE04EC0-301F-11D3-BF4B-00C04F79EFBC}") = "Ders1", "Ders1\Ders1.csproj", "{7E532450-0B95-4006-A2E6-A964E0A8039F}"
EndProject
Project("{FAE04EC0-301F-11D3-BF4B-00C04F79EFBC}") = "Metot", "Metot\Metot.csproj", "{23A44C8E-5B63-4E5B-AAD2-8183F3D339DE}"
EndProject
Global
	GlobalSection(SolutionConfigurationPlatforms) = preSolution
		Debug|Any CPU = Debug|Any CPU
		Release|Any CPU = Release|Any CPU
	EndGlobalSection
	GlobalSection(ProjectConfigurationPlatforms) = postSolution
		{F21A5C55-5165-497F-B4CE-BE089AB4566B}.Debug|Any CPU.ActiveCfg = Debug|Any CPU
		{F21A5C55-5165-497F-B4CE-BE089AB4566B}.Debug|Any CPU.Build.0 = Debug|Any CPU
		{F21A5C55-5165-497F-B4CE-BE089AB4566B}.Release|Any CPU.ActiveCfg = Release|Any CPU
		{F21A5C55-5165-497F-B4CE-BE089AB4566B}.Release|Any CPU.Build.0 = Release|Any CPU
		{7E532450-0B95-4006-A2E6-A964E0A8039F}.Debug|Any CPU.ActiveCfg = Debug|Any CPU
		{7E532450-0B95-4006-A2E6-A964E0A8039F}.Debug|Any CPU.Build.0 = Debug|Any CPU
		{7E532450-0B95-4006-A2E6-A964E0A8039F}.Release|Any CPU.ActiveCfg = Release|Any CPU
		{7E532450-0B95-4006-A2E6-A964E0A8039F}.Release|Any CPU.Build.0 = Release|Any CPU
		{23A44C8E-5B63-4E5B-AAD2-8183F3D339DE}.Debug|Any CPU.ActiveCfg = Debug|Any CPU
		{23A44C8E-5B63-4E5B-AAD2-8183F3D339DE}.Debug|Any CPU.Build.0 = Debug|Any CPU
		{23A44C8E-5B63-4E5B-AAD2-8183F3D339DE}.Release|Any CPU.ActiveCfg = Release|Any CPU
		{23A44C8E-5B63-4E5B-AAD2-8183F3D339DE}.Release|Any CPU.Build.0 = Release|Any CPU
	EndGlobalSection
	GlobalSection(SolutionProperties) = preSolution
		HideSolutionNode = FALSE
	EndGlobalSection
	GlobalSection(ExtensibilityGlobals) = postSolution
		SolutionGuid = {D401E1AA-553B-4835-9F5F-4C88208FCC65}
	EndGlobalSection
EndGlobal
